
Microsoft Visual Studio Solution File, Format Version 12.00
# Visual Studio Version 17
VisualStudioVersion = 17.7.34221.43
MinimumVisualStudioVersion = 10.0.40219.1
Project("{FAE04EC0-301F-11D3-BF4B-00C04F79EFBC}") = "DACN3", "DACN3\DACN3.csproj", "{A8C91F20-25A9-4978-B75A-06994E5E6155}"
EndProject
Global
	GlobalSection(SolutionConfigurationPlatforms) = preSolution
		Debug|Any CPU = Debug|Any CPU
		Release|Any CPU = Release|Any CPU
	EndGlobalSection
	GlobalSection(ProjectConfigurationPlatforms) = postSolution
		{A8C91F20-25A9-4978-B75A-06994E5E6155}.Debug|Any CPU.ActiveCfg = Debug|Any CPU
		{A8C91F20-25A9-4978-B75A-06994E5E6155}.Debug|Any CPU.Build.0 = Debug|Any CPU
		{A8C91F20-25A9-4978-B75A-06994E5E6155}.Release|Any CPU.ActiveCfg = Release|Any CPU
		{A8C91F20-25A9-4978-B75A-06994E5E6155}.Release|Any CPU.Build.0 = Release|Any CPU
	EndGlobalSection
	GlobalSection(SolutionProperties) = preSolution
		HideSolutionNode = FALSE
	EndGlobalSection
	GlobalSection(ExtensibilityGlobals) = postSolution
		SolutionGuid = {72EC9D3D-F5FB-4517-AA49-3D18157DA8D1}
	EndGlobalSection
EndGlobal
